
Microsoft Visual Studio Solution File, Format Version 12.00
# Visual Studio Version 17
VisualStudioVersion = 17.5.33627.172
MinimumVisualStudioVersion = 10.0.40219.1
Project("{FAE04EC0-301F-11D3-BF4B-00C04F79EFBC}") = "LineComparison", "LineComparison.csproj", "{AF93E0F5-B345-4049-9E68-69AD170D3DAE}"
EndProject
Global
	GlobalSection(SolutionConfigurationPlatforms) = preSolution
		Debug|Any CPU = Debug|Any CPU
		Release|Any CPU = Release|Any CPU
	EndGlobalSection
	GlobalSection(ProjectConfigurationPlatforms) = postSolution
		{AF93E0F5-B345-4049-9E68-69AD170D3DAE}.Debug|Any CPU.ActiveCfg = Debug|Any CPU
		{AF93E0F5-B345-4049-9E68-69AD170D3DAE}.Debug|Any CPU.Build.0 = Debug|Any CPU
		{AF93E0F5-B345-4049-9E68-69AD170D3DAE}.Release|Any CPU.ActiveCfg = Release|Any CPU
		{AF93E0F5-B345-4049-9E68-69AD170D3DAE}.Release|Any CPU.Build.0 = Release|Any CPU
	EndGlobalSection
	GlobalSection(SolutionProperties) = preSolution
		HideSolutionNode = FALSE
	EndGlobalSection
	GlobalSection(ExtensibilityGlobals) = postSolution
		SolutionGuid = {F2342F0F-2665-4DB1-A588-514272893735}
	EndGlobalSection
EndGlobal
